
Microsoft Visual Studio Solution File, Format Version 12.00
# Visual Studio Version 17
VisualStudioVersion = 17.3.32929.385
MinimumVisualStudioVersion = 10.0.40219.1
Project("{9A19103F-16F7-4668-BE54-9A1E7A4F7556}") = "CheatCodes.AspNetConfiguration", "CheatCodes.AspNetConfiguration\CheatCodes.AspNetConfiguration.csproj", "{FD13D820-D57D-488E-A59C-6A5A5F7F0130}"
EndProject
Project("{2150E333-8FDC-42A3-9474-1A3956D46DE8}") = "Solution Items", "Solution Items", "{E24E27D4-6260-4795-9C2E-3D3FE965CD0A}"
	ProjectSection(SolutionItems) = preProject
		README.md = README.md
	EndProjectSection
EndProject
Global
	GlobalSection(SolutionConfigurationPlatforms) = preSolution
		Debug|Any CPU = Debug|Any CPU
		Release|Any CPU = Release|Any CPU
	EndGlobalSection
	GlobalSection(ProjectConfigurationPlatforms) = postSolution
		{FD13D820-D57D-488E-A59C-6A5A5F7F0130}.Debug|Any CPU.ActiveCfg = Debug|Any CPU
		{FD13D820-D57D-488E-A59C-6A5A5F7F0130}.Debug|Any CPU.Build.0 = Debug|Any CPU
		{FD13D820-D57D-488E-A59C-6A5A5F7F0130}.Release|Any CPU.ActiveCfg = Release|Any CPU
		{FD13D820-D57D-488E-A59C-6A5A5F7F0130}.Release|Any CPU.Build.0 = Release|Any CPU
	EndGlobalSection
	GlobalSection(SolutionProperties) = preSolution
		HideSolutionNode = FALSE
	EndGlobalSection
	GlobalSection(ExtensibilityGlobals) = postSolution
		SolutionGuid = {35A5739F-EA57-4967-BA70-05B8CFEC5CEB}
	EndGlobalSection
EndGlobal
